
Microsoft Visual Studio Solution File, Format Version 12.00
# Visual Studio Version 16
VisualStudioVersion = 16.0.31321.278
MinimumVisualStudioVersion = 10.0.40219.1
Project("{FAE04EC0-301F-11D3-BF4B-00C04F79EFBC}") = "lab3-tp6-json", "lab3-tp6-json\lab3-tp6-json.csproj", "{88232CCB-9865-4908-BCDB-07387E953E08}"
EndProject
Global
	GlobalSection(SolutionConfigurationPlatforms) = preSolution
		Debug|Any CPU = Debug|Any CPU
		Release|Any CPU = Release|Any CPU
	EndGlobalSection
	GlobalSection(ProjectConfigurationPlatforms) = postSolution
		{88232CCB-9865-4908-BCDB-07387E953E08}.Debug|Any CPU.ActiveCfg = Debug|Any CPU
		{88232CCB-9865-4908-BCDB-07387E953E08}.Debug|Any CPU.Build.0 = Debug|Any CPU
		{88232CCB-9865-4908-BCDB-07387E953E08}.Release|Any CPU.ActiveCfg = Release|Any CPU
		{88232CCB-9865-4908-BCDB-07387E953E08}.Release|Any CPU.Build.0 = Release|Any CPU
	EndGlobalSection
	GlobalSection(SolutionProperties) = preSolution
		HideSolutionNode = FALSE
	EndGlobalSection
	GlobalSection(ExtensibilityGlobals) = postSolution
		SolutionGuid = {936589A7-CCA9-4289-978C-0EEA3A954D7D}
	EndGlobalSection
EndGlobal
